
Microsoft Visual Studio Solution File, Format Version 12.00
# Visual Studio Version 17
VisualStudioVersion = 17.3.32922.545
MinimumVisualStudioVersion = 10.0.40219.1
Project("{FAE04EC0-301F-11D3-BF4B-00C04F79EFBC}") = "Activité Synthèse", "Activité Synthèse\Activité Synthèse.csproj", "{8DD5F285-9872-49F6-8929-80CF8FDAE36D}"
EndProject
Global
	GlobalSection(SolutionConfigurationPlatforms) = preSolution
		Debug|Any CPU = Debug|Any CPU
		Debug|x64 = Debug|x64
		Release|Any CPU = Release|Any CPU
		Release|x64 = Release|x64
	EndGlobalSection
	GlobalSection(ProjectConfigurationPlatforms) = postSolution
		{8DD5F285-9872-49F6-8929-80CF8FDAE36D}.Debug|Any CPU.ActiveCfg = Debug|Any CPU
		{8DD5F285-9872-49F6-8929-80CF8FDAE36D}.Debug|Any CPU.Build.0 = Debug|Any CPU
		{8DD5F285-9872-49F6-8929-80CF8FDAE36D}.Debug|x64.ActiveCfg = Debug|x64
		{8DD5F285-9872-49F6-8929-80CF8FDAE36D}.Debug|x64.Build.0 = Debug|x64
		{8DD5F285-9872-49F6-8929-80CF8FDAE36D}.Release|Any CPU.ActiveCfg = Release|Any CPU
		{8DD5F285-9872-49F6-8929-80CF8FDAE36D}.Release|Any CPU.Build.0 = Release|Any CPU
		{8DD5F285-9872-49F6-8929-80CF8FDAE36D}.Release|x64.ActiveCfg = Release|x64
		{8DD5F285-9872-49F6-8929-80CF8FDAE36D}.Release|x64.Build.0 = Release|x64
	EndGlobalSection
	GlobalSection(SolutionProperties) = preSolution
		HideSolutionNode = FALSE
	EndGlobalSection
	GlobalSection(ExtensibilityGlobals) = postSolution
		SolutionGuid = {88293CA3-80E1-49F9-956B-827A24A00430}
	EndGlobalSection
EndGlobal
